// !$*UTF8*$!
{
	archiveVersion = 1;
	classes = {
	};
	objectVersion = 48;
	objects = {

/* Begin PBXBuildFile section */
		2847C3E41F67A3A30048F6D8 /* DoorViewController.swift in Sources */ = {isa = PBXBuildFile; fileRef = 2847C3E31F67A3A30048F6D8 /* DoorViewController.swift */; };
		287037B21F5FEF6C004ADF15 /* AppDelegate.swift in Sources */ = {isa = PBXBuildFile; fileRef = 287037B11F5FEF6C004ADF15 /* AppDelegate.swift */; };
		287037B41F5FEF6C004ADF15 /* ViewController.swift in Sources */ = {isa = PBXBuildFile; fileRef = 287037B31F5FEF6C004ADF15 /* ViewController.swift */; };
		287037B71F5FEF6C004ADF15 /* Main.storyboard in Resources */ = {isa = PBXBuildFile; fileRef = 287037B51F5FEF6C004ADF15 /* Main.storyboard */; };
		287037B91F5FEF6C004ADF15 /* Assets.xcassets in Resources */ = {isa = PBXBuildFile; fileRef = 287037B81F5FEF6C004ADF15 /* Assets.xcassets */; };
		287037BC1F5FEF6C004ADF15 /* LaunchScreen.storyboard in Resources */ = {isa = PBXBuildFile; fileRef = 287037BA1F5FEF6C004ADF15 /* LaunchScreen.storyboard */; };
		2895F81F1F661E56003958FF /* ARSCNView+Extension.swift in Sources */ = {isa = PBXBuildFile; fileRef = 2895F81E1F661E56003958FF /* ARSCNView+Extension.swift */; };
		2895F8211F661F6F003958FF /* SCNVector3+Extension.swift in Sources */ = {isa = PBXBuildFile; fileRef = 2895F8201F661F6F003958FF /* SCNVector3+Extension.swift */; };
		2895F8231F662561003958FF /* Line.swift in Sources */ = {isa = PBXBuildFile; fileRef = 2895F8221F662561003958FF /* Line.swift */; };
		2895F8251F6662C3003958FF /* UIImage+Color.swift in Sources */ = {isa = PBXBuildFile; fileRef = 2895F8241F6662C3003958FF /* UIImage+Color.swift */; };
		2895F8281F666826003958FF /* UIImage+Color.m in Sources */ = {isa = PBXBuildFile; fileRef = 2895F8271F666826003958FF /* UIImage+Color.m */; };
		2895F82C1F666A10003958FF /* ZJBaseViewController.m in Sources */ = {isa = PBXBuildFile; fileRef = 2895F82B1F666A10003958FF /* ZJBaseViewController.m */; };
		28B600771F627DD6003883B7 /* LineViewController.swift in Sources */ = {isa = PBXBuildFile; fileRef = 28B600761F627DD6003883B7 /* LineViewController.swift */; };
		28B600781F628983003883B7 /* MyARKitViewController.m in Sources */ = {isa = PBXBuildFile; fileRef = 28B600731F627D68003883B7 /* MyARKitViewController.m */; };
		CF46E9CF1F60286B008CADA6 /* ARKitTestDemo-Bridging-Header.h in Sources */ = {isa = PBXBuildFile; fileRef = 287037C31F5FF060004ADF15 /* ARKitTestDemo-Bridging-Header.h */; };
		CF46E9D21F6029BE008CADA6 /* art.scnassets in Resources */ = {isa = PBXBuildFile; fileRef = CF46E9CC1F6026B2008CADA6 /* art.scnassets */; };
/* End PBXBuildFile section */

/* Begin PBXFileReference section */
		2847C3E31F67A3A30048F6D8 /* DoorViewController.swift */ = {isa = PBXFileReference; lastKnownFileType = sourcecode.swift; path = DoorViewController.swift; sourceTree = "<group>"; };
		287037AE1F5FEF6C004ADF15 /* ARKitTestDemo.app */ = {isa = PBXFileReference; explicitFileType = wrapper.application; includeInIndex = 0; path = ARKitTestDemo.app; sourceTree = BUILT_PRODUCTS_DIR; };
		287037B11F5FEF6C004ADF15 /* AppDelegate.swift */ = {isa = PBXFileReference; lastKnownFileType = sourcecode.swift; path = AppDelegate.swift; sourceTree = "<group>"; };
		287037B31F5FEF6C004ADF15 /* ViewController.swift */ = {isa = PBXFileReference; lastKnownFileType = sourcecode.swift; path = ViewController.swift; sourceTree = "<group>"; };
		287037B61F5FEF6C004ADF15 /* Base */ = {isa = PBXFileReference; lastKnownFileType = file.storyboard; name = Base; path = Base.lproj/Main.storyboard; sourceTree = "<group>"; };
		287037B81F5FEF6C004ADF15 /* Assets.xcassets */ = {isa = PBXFileReference; lastKnownFileType = folder.assetcatalog; path = Assets.xcassets; sourceTree = "<group>"; };
		287037BB1F5FEF6C004ADF15 /* Base */ = {isa = PBXFileReference; lastKnownFileType = file.storyboard; name = Base; path = Base.lproj/LaunchScreen.storyboard; sourceTree = "<group>"; };
		287037BD1F5FEF6C004ADF15 /* Info.plist */ = {isa = PBXFileReference; lastKnownFileType = text.plist.xml; path = Info.plist; sourceTree = "<group>"; };
		287037C31F5FF060004ADF15 /* ARKitTestDemo-Bridging-Header.h */ = {isa = PBXFileReference; lastKnownFileType = sourcecode.c.h; path = "ARKitTestDemo-Bridging-Header.h"; sourceTree = "<group>"; };
		2895F81E1F661E56003958FF /* ARSCNView+Extension.swift */ = {isa = PBXFileReference; lastKnownFileType = sourcecode.swift; path = "ARSCNView+Extension.swift"; sourceTree = "<group>"; };
		2895F8201F661F6F003958FF /* SCNVector3+Extension.swift */ = {isa = PBXFileReference; lastKnownFileType = sourcecode.swift; path = "SCNVector3+Extension.swift"; sourceTree = "<group>"; };
		2895F8221F662561003958FF /* Line.swift */ = {isa = PBXFileReference; lastKnownFileType = sourcecode.swift; path = Line.swift; sourceTree = "<group>"; };
		2895F8241F6662C3003958FF /* UIImage+Color.swift */ = {isa = PBXFileReference; lastKnownFileType = sourcecode.swift; path = "UIImage+Color.swift"; sourceTree = "<group>"; };
		2895F8261F666826003958FF /* UIImage+Color.h */ = {isa = PBXFileReference; lastKnownFileType = sourcecode.c.h; path = "UIImage+Color.h"; sourceTree = "<group>"; };
		2895F8271F666826003958FF /* UIImage+Color.m */ = {isa = PBXFileReference; lastKnownFileType = sourcecode.c.objc; path = "UIImage+Color.m"; sourceTree = "<group>"; };
		2895F82A1F666A10003958FF /* ZJBaseViewController.h */ = {isa = PBXFileReference; lastKnownFileType = sourcecode.c.h; path = ZJBaseViewController.h; sourceTree = "<group>"; };
		2895F82B1F666A10003958FF /* ZJBaseViewController.m */ = {isa = PBXFileReference; lastKnownFileType = sourcecode.c.objc; path = ZJBaseViewController.m; sourceTree = "<group>"; };
		28B600731F627D68003883B7 /* MyARKitViewController.m */ = {isa = PBXFileReference; lastKnownFileType = sourcecode.c.objc; path = MyARKitViewController.m; sourceTree = "<group>"; };
		28B600741F627D68003883B7 /* MyARKitViewController.h */ = {isa = PBXFileReference; lastKnownFileType = sourcecode.c.h; path = MyARKitViewController.h; sourceTree = "<group>"; };
		28B600761F627DD6003883B7 /* LineViewController.swift */ = {isa = PBXFileReference; lastKnownFileType = sourcecode.swift; path = LineViewController.swift; sourceTree = "<group>"; };
		CF46E9CC1F6026B2008CADA6 /* art.scnassets */ = {isa = PBXFileReference; lastKnownFileType = wrapper.scnassets; path = art.scnassets; sourceTree = "<group>"; };
/* End PBXFileReference section */

/* Begin PBXFrameworksBuildPhase section */
		287037AB1F5FEF6C004ADF15 /* Frameworks */ = {
			isa = PBXFrameworksBuildPhase;
			buildActionMask = 2147483647;
			files = (
			);
			runOnlyForDeploymentPostprocessing = 0;
		};
/* End PBXFrameworksBuildPhase section */

/* Begin PBXGroup section */
		2847C3E21F67A3600048F6D8 /* Door(任意门) */ = {
			isa = PBXGroup;
			children = (
				2847C3E31F67A3A30048F6D8 /* DoorViewController.swift */,
			);
			path = "Door(任意门)";
			sourceTree = "<group>";
		};
		287037A51F5FEF6C004ADF15 = {
			isa = PBXGroup;
			children = (
				287037B01F5FEF6C004ADF15 /* ARKitTestDemo */,
				287037AF1F5FEF6C004ADF15 /* Products */,
			);
			sourceTree = "<group>";
		};
		287037AF1F5FEF6C004ADF15 /* Products */ = {
			isa = PBXGroup;
			children = (
				287037AE1F5FEF6C004ADF15 /* ARKitTestDemo.app */,
			);
			name = Products;
			sourceTree = "<group>";
		};
		287037B01F5FEF6C004ADF15 /* ARKitTestDemo */ = {
			isa = PBXGroup;
			children = (
				287037B11F5FEF6C004ADF15 /* AppDelegate.swift */,
				287037B31F5FEF6C004ADF15 /* ViewController.swift */,
				2847C3E21F67A3600048F6D8 /* Door(任意门) */,
				28B600751F627D77003883B7 /* TapeMeasure(卷尺) */,
				28B600721F627CE2003883B7 /* SolarSystem(太阳系) */,
				2895F8291F6669EB003958FF /* BaseVC */,
				287037B51F5FEF6C004ADF15 /* Main.storyboard */,
				287037B81F5FEF6C004ADF15 /* Assets.xcassets */,
				287037BA1F5FEF6C004ADF15 /* LaunchScreen.storyboard */,
				287037BD1F5FEF6C004ADF15 /* Info.plist */,
				CF46E9CC1F6026B2008CADA6 /* art.scnassets */,
				287037C31F5FF060004ADF15 /* ARKitTestDemo-Bridging-Header.h */,
				2895F8241F6662C3003958FF /* UIImage+Color.swift */,
			);
			path = ARKitTestDemo;
			sourceTree = "<group>";
		};
		2895F8291F6669EB003958FF /* BaseVC */ = {
			isa = PBXGroup;
			children = (
				2895F82A1F666A10003958FF /* ZJBaseViewController.h */,
				2895F82B1F666A10003958FF /* ZJBaseViewController.m */,
			);
			path = BaseVC;
			sourceTree = "<group>";
		};
		28B600721F627CE2003883B7 /* SolarSystem(太阳系) */ = {
			isa = PBXGroup;
			children = (
				2895F8261F666826003958FF /* UIImage+Color.h */,
				2895F8271F666826003958FF /* UIImage+Color.m */,
				28B600741F627D68003883B7 /* MyARKitViewController.h */,
				28B600731F627D68003883B7 /* MyARKitViewController.m */,
			);
			path = "SolarSystem(太阳系)";
			sourceTree = "<group>";
		};
		28B600751F627D77003883B7 /* TapeMeasure(卷尺) */ = {
			isa = PBXGroup;
			children = (
				28B600761F627DD6003883B7 /* LineViewController.swift */,
				2895F81E1F661E56003958FF /* ARSCNView+Extension.swift */,
				2895F8201F661F6F003958FF /* SCNVector3+Extension.swift */,
				2895F8221F662561003958FF /* Line.swift */,
			);
			path = "TapeMeasure(卷尺)";
			sourceTree = "<group>";
		};
/* End PBXGroup section */

/* Begin PBXNativeTarget section */
		287037AD1F5FEF6C004ADF15 /* ARKitTestDemo */ = {
			isa = PBXNativeTarget;
			buildConfigurationList = 287037C01F5FEF6C004ADF15 /* Build configuration list for PBXNativeTarget "ARKitTestDemo" */;
			buildPhases = (
				287037AA1F5FEF6C004ADF15 /* Sources */,
				287037AB1F5FEF6C004ADF15 /* Frameworks */,
				287037AC1F5FEF6C004ADF15 /* Resources */,
			);
			buildRules = (
			);
			dependencies = (
			);
			name = ARKitTestDemo;
			productName = ARKitTestDemo;
			productReference = 287037AE1F5FEF6C004ADF15 /* ARKitTestDemo.app */;
			productType = "com.apple.product-type.application";
		};
/* End PBXNativeTarget section */

/* Begin PBXProject section */
		287037A61F5FEF6C004ADF15 /* Project object */ = {
			isa = PBXProject;
			attributes = {
				LastSwiftUpdateCheck = 0900;
				LastUpgradeCheck = 0900;
				ORGANIZATIONNAME = DFHZ;
				TargetAttributes = {
					287037AD1F5FEF6C004ADF15 = {
						CreatedOnToolsVersion = 9.0;
						LastSwiftMigration = 0900;
					};
				};
			};
			buildConfigurationList = 287037A91F5FEF6C004ADF15 /* Build configuration list for PBXProject "ARKitTestDemo" */;
			compatibilityVersion = "Xcode 8.0";
			developmentRegion = en;
			hasScannedForEncodings = 0;
			knownRegions = (
				en,
				Base,
			);
			mainGroup = 287037A51F5FEF6C004ADF15;
			productRefGroup = 287037AF1F5FEF6C004ADF15 /* Products */;
			projectDirPath = "";
			projectRoot = "";
			targets = (
				287037AD1F5FEF6C004ADF15 /* ARKitTestDemo */,
			);
		};
/* End PBXProject section */

/* Begin PBXResourcesBuildPhase section */
		287037AC1F5FEF6C004ADF15 /* Resources */ = {
			isa = PBXResourcesBuildPhase;
			buildActionMask = 2147483647;
			files = (
				CF46E9D21F6029BE008CADA6 /* art.scnassets in Resources */,
				287037BC1F5FEF6C004ADF15 /* LaunchScreen.storyboard in Resources */,
				287037B91F5FEF6C004ADF15 /* Assets.xcassets in Resources */,
				287037B71F5FEF6C004ADF15 /* Main.storyboard in Resources */,
			);
			runOnlyForDeploymentPostprocessing = 0;
		};
/* End PBXResourcesBuildPhase section */

/* Begin PBXSourcesBuildPhase section */
		287037AA1F5FEF6C004ADF15 /* Sources */ = {
			isa = PBXSourcesBuildPhase;
			buildActionMask = 2147483647;
			files = (
				2895F82C1F666A10003958FF /* ZJBaseViewController.m in Sources */,
				28B600781F628983003883B7 /* MyARKitViewController.m in Sources */,
				2847C3E41F67A3A30048F6D8 /* DoorViewController.swift in Sources */,
				CF46E9CF1F60286B008CADA6 /* ARKitTestDemo-Bridging-Header.h in Sources */,
				2895F8251F6662C3003958FF /* UIImage+Color.swift in Sources */,
				2895F8211F661F6F003958FF /* SCNVector3+Extension.swift in Sources */,
				287037B41F5FEF6C004ADF15 /* ViewController.swift in Sources */,
				28B600771F627DD6003883B7 /* LineViewController.swift in Sources */,
				2895F8231F662561003958FF /* Line.swift in Sources */,
				2895F8281F666826003958FF /* UIImage+Color.m in Sources */,
				2895F81F1F661E56003958FF /* ARSCNView+Extension.swift in Sources */,
				287037B21F5FEF6C004ADF15 /* AppDelegate.swift in Sources */,
			);
			runOnlyForDeploymentPostprocessing = 0;
		};
/* End PBXSourcesBuildPhase section */

/* Begin PBXVariantGroup section */
		287037B51F5FEF6C004ADF15 /* Main.storyboard */ = {
			isa = PBXVariantGroup;
			children = (
				287037B61F5FEF6C004ADF15 /* Base */,
			);
			name = Main.storyboard;
			sourceTree = "<group>";
		};
		287037BA1F5FEF6C004ADF15 /* LaunchScreen.storyboard */ = {
			isa = PBXVariantGroup;
			children = (
				287037BB1F5FEF6C004ADF15 /* Base */,
			);
			name = LaunchScreen.storyboard;
			sourceTree = "<group>";
		};
/* End PBXVariantGroup section */

/* Begin XCBuildConfiguration section */
		287037BE1F5FEF6C004ADF15 /* Debug */ = {
			isa = XCBuildConfiguration;
			buildSettings = {
				ALWAYS_SEARCH_USER_PATHS = NO;
				CLANG_ANALYZER_NONNULL = YES;
				CLANG_ANALYZER_NUMBER_OBJECT_CONVERSION = YES_AGGRESSIVE;
				CLANG_CXX_LANGUAGE_STANDARD = "gnu++14";
				CLANG_CXX_LIBRARY = "libc++";
				CLANG_ENABLE_MODULES = YES;
				CLANG_ENABLE_OBJC_ARC = YES;
				CLANG_WARN_BLOCK_CAPTURE_AUTORELEASING = YES;
				CLANG_WARN_BOOL_CONVERSION = YES;
				CLANG_WARN_COMMA = YES;
				CLANG_WARN_CONSTANT_CONVERSION = YES;
				CLANG_WARN_DIRECT_OBJC_ISA_USAGE = YES_ERROR;
				CLANG_WARN_DOCUMENTATION_COMMENTS = YES;
				CLANG_WARN_EMPTY_BODY = YES;
				CLANG_WARN_ENUM_CONVERSION = YES;
				CLANG_WARN_INFINITE_RECURSION = YES;
				CLANG_WARN_INT_CONVERSION = YES;
				CLANG_WARN_OBJC_ROOT_CLASS = YES_ERROR;
				CLANG_WARN_RANGE_LOOP_ANALYSIS = YES;
				CLANG_WARN_STRICT_PROTOTYPES = YES;
				CLANG_WARN_SUSPICIOUS_MOVE = YES;
				CLANG_WARN_UNGUARDED_AVAILABILITY = YES_AGGRESSIVE;
				CLANG_WARN_UNREACHABLE_CODE = YES;
				CLANG_WARN__DUPLICATE_METHOD_MATCH = YES;
				CODE_SIGN_IDENTITY = "iPhone Developer";
				COPY_PHASE_STRIP = NO;
				DEBUG_INFORMATION_FORMAT = dwarf;
				ENABLE_STRICT_OBJC_MSGSEND = YES;
				ENABLE_TESTABILITY = YES;
				GCC_C_LANGUAGE_STANDARD = gnu11;
				GCC_DYNAMIC_NO_PIC = NO;
				GCC_NO_COMMON_BLOCKS = YES;
				GCC_OPTIMIZATION_LEVEL = 0;
				GCC_PREPROCESSOR_DEFINITIONS = (
					"DEBUG=1",
					"$(inherited)",
				);
				GCC_WARN_64_TO_32_BIT_CONVERSION = YES;
				GCC_WARN_ABOUT_RETURN_TYPE = YES_ERROR;
				GCC_WARN_UNDECLARED_SELECTOR = YES;
				GCC_WARN_UNINITIALIZED_AUTOS = YES_AGGRESSIVE;
				GCC_WARN_UNUSED_FUNCTION = YES;
				GCC_WARN_UNUSED_VARIABLE = YES;
				IPHONEOS_DEPLOYMENT_TARGET = 11.0;
				MTL_ENABLE_DEBUG_INFO = YES;
				ONLY_ACTIVE_ARCH = YES;
				SDKROOT = iphoneos;
				SWIFT_ACTIVE_COMPILATION_CONDITIONS = DEBUG;
				SWIFT_OPTIMIZATION_LEVEL = "-Onone";
			};
			name = Debug;
		};
		287037BF1F5FEF6C004ADF15 /* Release */ = {
			isa = XCBuildConfiguration;
			buildSettings = {
				ALWAYS_SEARCH_USER_PATHS = NO;
				CLANG_ANALYZER_NONNULL = YES;
				CLANG_ANALYZER_NUMBER_OBJECT_CONVERSION = YES_AGGRESSIVE;
				CLANG_CXX_LANGUAGE_STANDARD = "gnu++14";
				CLANG_CXX_LIBRARY = "libc++";
				CLANG_ENABLE_MODULES = YES;
				CLANG_ENABLE_OBJC_ARC = YES;
				CLANG_WARN_BLOCK_CAPTURE_AUTORELEASING = YES;
				CLANG_WARN_BOOL_CONVERSION = YES;
				CLANG_WARN_COMMA = YES;
				CLANG_WARN_CONSTANT_CONVERSION = YES;
				CLANG_WARN_DIRECT_OBJC_ISA_USAGE = YES_ERROR;
				CLANG_WARN_DOCUMENTATION_COMMENTS = YES;
				CLANG_WARN_EMPTY_BODY = YES;
				CLANG_WARN_ENUM_CONVERSION = YES;
				CLANG_WARN_INFINITE_RECURSION = YES;
				CLANG_WARN_INT_CONVERSION = YES;
				CLANG_WARN_OBJC_ROOT_CLASS = YES_ERROR;
				CLANG_WARN_RANGE_LOOP_ANALYSIS = YES;
				CLANG_WARN_STRICT_PROTOTYPES = YES;
				CLANG_WARN_SUSPICIOUS_MOVE = YES;
				CLANG_WARN_UNGUARDED_AVAILABILITY = YES_AGGRESSIVE;
				CLANG_WARN_UNREACHABLE_CODE = YES;
				CLANG_WARN__DUPLICATE_METHOD_MATCH = YES;
				CODE_SIGN_IDENTITY = "iPhone Developer";
				COPY_PHASE_STRIP = NO;
				DEBUG_INFORMATION_FORMAT = "dwarf-with-dsym";
				ENABLE_NS_ASSERTIONS = NO;
				ENABLE_STRICT_OBJC_MSGSEND = YES;
				GCC_C_LANGUAGE_STANDARD = gnu11;
				GCC_NO_COMMON_BLOCKS = YES;
				GCC_WARN_64_TO_32_BIT_CONVERSION = YES;
				GCC_WARN_ABOUT_RETURN_TYPE = YES_ERROR;
				GCC_WARN_UNDECLARED_SELECTOR = YES;
				GCC_WARN_UNINITIALIZED_AUTOS = YES_AGGRESSIVE;
				GCC_WARN_UNUSED_FUNCTION = YES;
				GCC_WARN_UNUSED_VARIABLE = YES;
				IPHONEOS_DEPLOYMENT_TARGET = 11.0;
				MTL_ENABLE_DEBUG_INFO = NO;
				SDKROOT = iphoneos;
				SWIFT_OPTIMIZATION_LEVEL = "-Owholemodule";
				VALIDATE_PRODUCT = YES;
			};
			name = Release;
		};
		287037C11F5FEF6C004ADF15 /* Debug */ = {
			isa = XCBuildConfiguration;
			buildSettings = {
				ASSETCATALOG_COMPILER_APPICON_NAME = AppIcon;
				CLANG_ENABLE_MODULES = YES;
				DEFINES_MODULE = YES;
				DEVELOPMENT_TEAM = N3DR39B4G7;
				INFOPLIST_FILE = ARKitTestDemo/Info.plist;
				LD_RUNPATH_SEARCH_PATHS = "$(inherited) @executable_path/Frameworks";
				PRODUCT_BUNDLE_IDENTIFIER = com.dfhz.ARKitTestDemo;
				PRODUCT_NAME = "$(TARGET_NAME)";
				SWIFT_OBJC_BRIDGING_HEADER = "ARKitTestDemo/ARKitTestDemo-Bridging-Header.h";
				SWIFT_OPTIMIZATION_LEVEL = "-Onone";
				SWIFT_VERSION = 4.0;
				TARGETED_DEVICE_FAMILY = "1,2";
			};
			name = Debug;
		};
		287037C21F5FEF6C004ADF15 /* Release */ = {
			isa = XCBuildConfiguration;
			buildSettings = {
				ASSETCATALOG_COMPILER_APPICON_NAME = AppIcon;
				CLANG_ENABLE_MODULES = YES;
				DEFINES_MODULE = YES;
				DEVELOPMENT_TEAM = N3DR39B4G7;
				INFOPLIST_FILE = ARKitTestDemo/Info.plist;
				LD_RUNPATH_SEARCH_PATHS = "$(inherited) @executable_path/Frameworks";
				PRODUCT_BUNDLE_IDENTIFIER = com.dfhz.ARKitTestDemo;
				PRODUCT_NAME = "$(TARGET_NAME)";
				SWIFT_OBJC_BRIDGING_HEADER = "ARKitTestDemo/ARKitTestDemo-Bridging-Header.h";
				SWIFT_VERSION = 4.0;
				TARGETED_DEVICE_FAMILY = "1,2";
			};
			name = Release;
		};
/* End XCBuildConfiguration section */

/* Begin XCConfigurationList section */
		287037A91F5FEF6C004ADF15 /* Build configuration list for PBXProject "ARKitTestDemo" */ = {
			isa = XCConfigurationList;
			buildConfigurations = (
				287037BE1F5FEF6C004ADF15 /* Debug */,
				287037BF1F5FEF6C004ADF15 /* Release */,
			);
			defaultConfigurationIsVisible = 0;
			defaultConfigurationName = Release;
		};
		287037C01F5FEF6C004ADF15 /* Build configuration list for PBXNativeTarget "ARKitTestDemo" */ = {
			isa = XCConfigurationList;
			buildConfigurations = (
				287037C11F5FEF6C004ADF15 /* Debug */,
				287037C21F5FEF6C004ADF15 /* Release */,
			);
			defaultConfigurationIsVisible = 0;
			defaultConfigurationName = Release;
		};
/* End XCConfigurationList section */
	};
	rootObject = 287037A61F5FEF6C004ADF15 /* Project object */;
}
